
Microsoft Visual Studio Solution File, Format Version 12.00
# Visual Studio Version 17
VisualStudioVersion = 17.14.37411.7 d17.14
MinimumVisualStudioVersion = 10.0.40219.1
Project("{FAE04EC0-301F-11D3-BF4B-00C04F79EFBC}") = "005-Aggregating-Date-Using-Linq_WithList", "005-Aggregating-Date-Using-Linq_WithList.csproj", "{851E172F-53FE-4594-987E-D2B88C5CD7FF}"
EndProject
Global
	GlobalSection(SolutionConfigurationPlatforms) = preSolution
		Debug|Any CPU = Debug|Any CPU
		Release|Any CPU = Release|Any CPU
	EndGlobalSection
	GlobalSection(ProjectConfigurationPlatforms) = postSolution
		{851E172F-53FE-4594-987E-D2B88C5CD7FF}.Debug|Any CPU.ActiveCfg = Debug|Any CPU
		{851E172F-53FE-4594-987E-D2B88C5CD7FF}.Debug|Any CPU.Build.0 = Debug|Any CPU
		{851E172F-53FE-4594-987E-D2B88C5CD7FF}.Release|Any CPU.ActiveCfg = Release|Any CPU
		{851E172F-53FE-4594-987E-D2B88C5CD7FF}.Release|Any CPU.Build.0 = Release|Any CPU
	EndGlobalSection
	GlobalSection(SolutionProperties) = preSolution
		HideSolutionNode = FALSE
	EndGlobalSection
	GlobalSection(ExtensibilityGlobals) = postSolution
		SolutionGuid = {532AB68D-1517-4083-B3B3-BA8819CA36FF}
	EndGlobalSection
EndGlobal
