
Microsoft Visual Studio Solution File, Format Version 12.00
# Visual Studio Version 17
VisualStudioVersion = 17.14.37411.7 d17.14
MinimumVisualStudioVersion = 10.0.40219.1
Project("{FAE04EC0-301F-11D3-BF4B-00C04F79EFBC}") = "002-  Inserting-Elements-into-List", "002-  Inserting-Elements-into-List.csproj", "{84AD9632-E5B9-4250-84CD-747DAAD704BB}"
EndProject
Global
	GlobalSection(SolutionConfigurationPlatforms) = preSolution
		Debug|Any CPU = Debug|Any CPU
		Release|Any CPU = Release|Any CPU
	EndGlobalSection
	GlobalSection(ProjectConfigurationPlatforms) = postSolution
		{84AD9632-E5B9-4250-84CD-747DAAD704BB}.Debug|Any CPU.ActiveCfg = Debug|Any CPU
		{84AD9632-E5B9-4250-84CD-747DAAD704BB}.Debug|Any CPU.Build.0 = Debug|Any CPU
		{84AD9632-E5B9-4250-84CD-747DAAD704BB}.Release|Any CPU.ActiveCfg = Release|Any CPU
		{84AD9632-E5B9-4250-84CD-747DAAD704BB}.Release|Any CPU.Build.0 = Release|Any CPU
	EndGlobalSection
	GlobalSection(SolutionProperties) = preSolution
		HideSolutionNode = FALSE
	EndGlobalSection
	GlobalSection(ExtensibilityGlobals) = postSolution
		SolutionGuid = {EB211A07-0F8D-4E84-8E11-90F12C5B00FD}
	EndGlobalSection
EndGlobal
